
Microsoft Visual Studio Solution File, Format Version 12.00
# Visual Studio Version 16
VisualStudioVersion = 16.0.31624.102
MinimumVisualStudioVersion = 10.0.40219.1
Project("{9A19103F-16F7-4668-BE54-9A1E7A4F7556}") = "AstroidProjekt", "Project1\AstroidProjekt.csproj", "{EC3ABDDE-76B5-4353-9CD1-EC6E722096BB}"
EndProject
Global
	GlobalSection(SolutionConfigurationPlatforms) = preSolution
		Debug|Any CPU = Debug|Any CPU
		Release|Any CPU = Release|Any CPU
	EndGlobalSection
	GlobalSection(ProjectConfigurationPlatforms) = postSolution
		{EC3ABDDE-76B5-4353-9CD1-EC6E722096BB}.Debug|Any CPU.ActiveCfg = Debug|Any CPU
		{EC3ABDDE-76B5-4353-9CD1-EC6E722096BB}.Debug|Any CPU.Build.0 = Debug|Any CPU
		{EC3ABDDE-76B5-4353-9CD1-EC6E722096BB}.Release|Any CPU.ActiveCfg = Release|Any CPU
		{EC3ABDDE-76B5-4353-9CD1-EC6E722096BB}.Release|Any CPU.Build.0 = Release|Any CPU
	EndGlobalSection
	GlobalSection(SolutionProperties) = preSolution
		HideSolutionNode = FALSE
	EndGlobalSection
	GlobalSection(ExtensibilityGlobals) = postSolution
		SolutionGuid = {FCBF0CE9-C2FB-4717-A3A7-1E225CC67484}
	EndGlobalSection
EndGlobal
